
Microsoft Visual Studio Solution File, Format Version 12.00
# Visual Studio Version 17
VisualStudioVersion = 17.4.33213.308
MinimumVisualStudioVersion = 10.0.40219.1
Project("{FAE04EC0-301F-11D3-BF4B-00C04F79EFBC}") = "dfbzd", "dfbzd\dfbzd.csproj", "{A0A7CE99-9021-46F5-A7F3-D50AEBE0AFB7}"
EndProject
Global
	GlobalSection(SolutionConfigurationPlatforms) = preSolution
		Debug|Any CPU = Debug|Any CPU
		Release|Any CPU = Release|Any CPU
	EndGlobalSection
	GlobalSection(ProjectConfigurationPlatforms) = postSolution
		{A0A7CE99-9021-46F5-A7F3-D50AEBE0AFB7}.Debug|Any CPU.ActiveCfg = Debug|Any CPU
		{A0A7CE99-9021-46F5-A7F3-D50AEBE0AFB7}.Debug|Any CPU.Build.0 = Debug|Any CPU
		{A0A7CE99-9021-46F5-A7F3-D50AEBE0AFB7}.Release|Any CPU.ActiveCfg = Release|Any CPU
		{A0A7CE99-9021-46F5-A7F3-D50AEBE0AFB7}.Release|Any CPU.Build.0 = Release|Any CPU
	EndGlobalSection
	GlobalSection(SolutionProperties) = preSolution
		HideSolutionNode = FALSE
	EndGlobalSection
	GlobalSection(ExtensibilityGlobals) = postSolution
		SolutionGuid = {3299573D-A7F8-4B57-96EE-FA2BE770F573}
	EndGlobalSection
EndGlobal
